
Microsoft Visual Studio Solution File, Format Version 12.00
# Visual Studio 14
VisualStudioVersion = 14.0.25420.1
MinimumVisualStudioVersion = 10.0.40219.1
Project("{FAE04EC0-301F-11D3-BF4B-00C04F79EFBC}") = "SimplyMain", "SimplyMain\SimplyMain.csproj", "{AF525A65-A21F-4663-A5CA-4991D50C1012}"
EndProject
Project("{FAE04EC0-301F-11D3-BF4B-00C04F79EFBC}") = "SimplyMainEntity", "SimplyMainEntity\SimplyMainEntity.csproj", "{732754A1-50AA-4E0A-AF4F-AC766F271246}"
EndProject
Project("{FAE04EC0-301F-11D3-BF4B-00C04F79EFBC}") = "Testing", "Testing\Testing.csproj", "{A6DE48FC-ACF4-4A1E-ACD4-861B49963E5D}"
EndProject
Global
	GlobalSection(SolutionConfigurationPlatforms) = preSolution
		Debug|Any CPU = Debug|Any CPU
		Release|Any CPU = Release|Any CPU
	EndGlobalSection
	GlobalSection(ProjectConfigurationPlatforms) = postSolution
		{AF525A65-A21F-4663-A5CA-4991D50C1012}.Debug|Any CPU.ActiveCfg = Debug|Any CPU
		{AF525A65-A21F-4663-A5CA-4991D50C1012}.Debug|Any CPU.Build.0 = Debug|Any CPU
		{AF525A65-A21F-4663-A5CA-4991D50C1012}.Release|Any CPU.ActiveCfg = Release|Any CPU
		{AF525A65-A21F-4663-A5CA-4991D50C1012}.Release|Any CPU.Build.0 = Release|Any CPU
		{732754A1-50AA-4E0A-AF4F-AC766F271246}.Debug|Any CPU.ActiveCfg = Debug|Any CPU
		{732754A1-50AA-4E0A-AF4F-AC766F271246}.Debug|Any CPU.Build.0 = Debug|Any CPU
		{732754A1-50AA-4E0A-AF4F-AC766F271246}.Release|Any CPU.ActiveCfg = Release|Any CPU
		{732754A1-50AA-4E0A-AF4F-AC766F271246}.Release|Any CPU.Build.0 = Release|Any CPU
		{A6DE48FC-ACF4-4A1E-ACD4-861B49963E5D}.Debug|Any CPU.ActiveCfg = Debug|Any CPU
		{A6DE48FC-ACF4-4A1E-ACD4-861B49963E5D}.Debug|Any CPU.Build.0 = Debug|Any CPU
		{A6DE48FC-ACF4-4A1E-ACD4-861B49963E5D}.Release|Any CPU.ActiveCfg = Release|Any CPU
		{A6DE48FC-ACF4-4A1E-ACD4-861B49963E5D}.Release|Any CPU.Build.0 = Release|Any CPU
	EndGlobalSection
	GlobalSection(SolutionProperties) = preSolution
		HideSolutionNode = FALSE
	EndGlobalSection
EndGlobal
